{
  "lockVersion": 1,
  "installed": {
    "kdco/primitives": {
      "registry": "kdco",
      "version": "1.0.0",
      "hash": "5cdb1d2c4ccc8b404ef9e1c84bcd437c0268c917ea098e5a12c5b2697e09cad5",
      "files": [
        ".opencode/plugin/primitives/get-project-id.ts",
        ".opencode/plugin/primitives/with-timeout.ts",
        ".opencode/plugin/primitives/log-warn.ts",
        ".opencode/plugin/primitives/types.ts",
        ".opencode/plugin/primitives/mutex.ts",
        ".opencode/plugin/primitives/shell.ts",
        ".opencode/plugin/primitives/temp.ts",
        ".opencode/plugin/primitives/terminal-detect.ts",
        ".opencode/plugin/primitives/index.ts"
      ],
      "installedAt": "2026-01-12T15:18:54.400Z"
    },
    "kdco/background-agents": {
      "registry": "kdco",
      "version": "1.0.0",
      "hash": "227a803feda2e227d9d8a2235ad9b7c6811faa0f2f960e5195d3a16ac86daabc",
      "files": [
        ".opencode/plugin/background-agents.ts"
      ],
      "installedAt": "2026-01-12T15:18:54.400Z"
    }
  }
}